{
  "pins" : [
    {
      "identity" : "camellm",
      "kind" : "localSourceControl",
      "location" : "/Users/rozanski/Documents/Projects/CameLLM",
      "state" : {
        "branch" : "main",
        "revision" : "7e84d9cd3fe470acecac134683c955e47d198221"
      }
    },
    {
      "identity" : "coquille",
      "kind" : "remoteSourceControl",
      "location" : "https://github.com/alexrozanski/Coquille.git",
      "state" : {
        "branch" : "v0.3",
        "revision" : "4250068ef7d259e0023c099be58459e5d7dbcedd"
      }
    }
  ],
  "version" : 2
}
